
Microsoft Visual Studio Solution File, Format Version 12.00
# Visual Studio Version 17
VisualStudioVersion = 17.8.34330.188
MinimumVisualStudioVersion = 10.0.40219.1
Project("{FAE04EC0-301F-11D3-BF4B-00C04F79EFBC}") = "ASPIdentityApp", "ASPIdentityApp\ASPIdentityApp.csproj", "{158B26FE-3FBA-495F-80A6-F633DB7BA90F}"
EndProject
Global
	GlobalSection(SolutionConfigurationPlatforms) = preSolution
		Debug|Any CPU = Debug|Any CPU
		Release|Any CPU = Release|Any CPU
	EndGlobalSection
	GlobalSection(ProjectConfigurationPlatforms) = postSolution
		{158B26FE-3FBA-495F-80A6-F633DB7BA90F}.Debug|Any CPU.ActiveCfg = Debug|Any CPU
		{158B26FE-3FBA-495F-80A6-F633DB7BA90F}.Debug|Any CPU.Build.0 = Debug|Any CPU
		{158B26FE-3FBA-495F-80A6-F633DB7BA90F}.Release|Any CPU.ActiveCfg = Release|Any CPU
		{158B26FE-3FBA-495F-80A6-F633DB7BA90F}.Release|Any CPU.Build.0 = Release|Any CPU
	EndGlobalSection
	GlobalSection(SolutionProperties) = preSolution
		HideSolutionNode = FALSE
	EndGlobalSection
	GlobalSection(ExtensibilityGlobals) = postSolution
		SolutionGuid = {A5BEFF3D-5877-44BB-8651-2D6F328B7D4C}
	EndGlobalSection
EndGlobal
